
Microsoft Visual Studio Solution File, Format Version 12.00
# Visual Studio Version 16
VisualStudioVersion = 16.0.31424.327
MinimumVisualStudioVersion = 10.0.40219.1
Project("{FAE04EC0-301F-11D3-BF4B-00C04F79EFBC}") = "OnlineshopingCart", "OnlineshopingCart\OnlineshopingCart.csproj", "{9DF14A8C-15DA-4B77-B03A-521422CBC274}"
EndProject
Global
	GlobalSection(SolutionConfigurationPlatforms) = preSolution
		Debug|Any CPU = Debug|Any CPU
		Release|Any CPU = Release|Any CPU
	EndGlobalSection
	GlobalSection(ProjectConfigurationPlatforms) = postSolution
		{9DF14A8C-15DA-4B77-B03A-521422CBC274}.Debug|Any CPU.ActiveCfg = Debug|Any CPU
		{9DF14A8C-15DA-4B77-B03A-521422CBC274}.Debug|Any CPU.Build.0 = Debug|Any CPU
		{9DF14A8C-15DA-4B77-B03A-521422CBC274}.Release|Any CPU.ActiveCfg = Release|Any CPU
		{9DF14A8C-15DA-4B77-B03A-521422CBC274}.Release|Any CPU.Build.0 = Release|Any CPU
	EndGlobalSection
	GlobalSection(SolutionProperties) = preSolution
		HideSolutionNode = FALSE
	EndGlobalSection
	GlobalSection(ExtensibilityGlobals) = postSolution
		SolutionGuid = {013489A1-1EA3-46B3-BF2F-9107B9930E03}
	EndGlobalSection
EndGlobal
